// !$*UTF8*$!
{
	archiveVersion = 1;
	classes = {
	};
	objectVersion = 50;
	objects = {

/* Begin PBXBuildFile section */
		54B71DC1FC865C9776716996 /* Pods_Tindoggo.framework in Frameworks */ = {isa = PBXBuildFile; fileRef = 9F3CF6EC8396592A2FAB6118 /* Pods_Tindoggo.framework */; };
		CB4440C42227AC65008063E2 /* MatchViewController.swift in Sources */ = {isa = PBXBuildFile; fileRef = CB4440C32227AC65008063E2 /* MatchViewController.swift */; };
		CB4440C62227B019008063E2 /* UIImageExtension.swift in Sources */ = {isa = PBXBuildFile; fileRef = CB4440C52227B019008063E2 /* UIImageExtension.swift */; };
		CB62AA1E21A9240F0094003B /* Usuario.swift in Sources */ = {isa = PBXBuildFile; fileRef = CB62AA1D21A9240F0094003B /* Usuario.swift */; };
		CB9DF5592215399C004F9B20 /* Match.swift in Sources */ = {isa = PBXBuildFile; fileRef = CB9DF5582215399C004F9B20 /* Match.swift */; };
		CB9DF55B22153B24004F9B20 /* WatchDBService.swift in Sources */ = {isa = PBXBuildFile; fileRef = CB9DF55A22153B24004F9B20 /* WatchDBService.swift */; };
		CBB8709021A7A211002D6359 /* LoginViewController.swift in Sources */ = {isa = PBXBuildFile; fileRef = CBB8708F21A7A211002D6359 /* LoginViewController.swift */; };
		CBB8709321A7A7E6002D6359 /* UIViewExtension.swift in Sources */ = {isa = PBXBuildFile; fileRef = CBB8709221A7A7E6002D6359 /* UIViewExtension.swift */; };
		CBB8709521A7A889002D6359 /* UIViewControllerExtension.swift in Sources */ = {isa = PBXBuildFile; fileRef = CBB8709421A7A889002D6359 /* UIViewControllerExtension.swift */; };
		CBB8709721A7AF48002D6359 /* GoogleService-Info.plist in Resources */ = {isa = PBXBuildFile; fileRef = CBB8709621A7AF47002D6359 /* GoogleService-Info.plist */; };
		CBB8709A21A7B4E8002D6359 /* DatabaseService.swift in Sources */ = {isa = PBXBuildFile; fileRef = CBB8709921A7B4E8002D6359 /* DatabaseService.swift */; };
		CBB8709C21A7C6D8002D6359 /* ProfileViewController.swift in Sources */ = {isa = PBXBuildFile; fileRef = CBB8709B21A7C6D8002D6359 /* ProfileViewController.swift */; };
		CBC87C9221A64F1200BADC42 /* AppDelegate.swift in Sources */ = {isa = PBXBuildFile; fileRef = CBC87C9121A64F1200BADC42 /* AppDelegate.swift */; };
		CBC87C9721A64F1200BADC42 /* Main.storyboard in Resources */ = {isa = PBXBuildFile; fileRef = CBC87C9521A64F1200BADC42 /* Main.storyboard */; };
		CBC87C9921A64F1300BADC42 /* Assets.xcassets in Resources */ = {isa = PBXBuildFile; fileRef = CBC87C9821A64F1300BADC42 /* Assets.xcassets */; };
		CBC87C9C21A64F1300BADC42 /* LaunchScreen.storyboard in Resources */ = {isa = PBXBuildFile; fileRef = CBC87C9A21A64F1300BADC42 /* LaunchScreen.storyboard */; };
		CBC87CA521A6587300BADC42 /* HomeViewController.swift in Sources */ = {isa = PBXBuildFile; fileRef = CBC87CA421A6587300BADC42 /* HomeViewController.swift */; };
/* End PBXBuildFile section */

/* Begin PBXFileReference section */
		8FAB6C7110E68F196E2EF911 /* Pods-Tindoggo.debug.xcconfig */ = {isa = PBXFileReference; includeInIndex = 1; lastKnownFileType = text.xcconfig; name = "Pods-Tindoggo.debug.xcconfig"; path = "Pods/Target Support Files/Pods-Tindoggo/Pods-Tindoggo.debug.xcconfig"; sourceTree = "<group>"; };
		9F3CF6EC8396592A2FAB6118 /* Pods_Tindoggo.framework */ = {isa = PBXFileReference; explicitFileType = wrapper.framework; includeInIndex = 0; path = Pods_Tindoggo.framework; sourceTree = BUILT_PRODUCTS_DIR; };
		BECACEE347664A0F6A5B625B /* Pods-Tindoggo.release.xcconfig */ = {isa = PBXFileReference; includeInIndex = 1; lastKnownFileType = text.xcconfig; name = "Pods-Tindoggo.release.xcconfig"; path = "Pods/Target Support Files/Pods-Tindoggo/Pods-Tindoggo.release.xcconfig"; sourceTree = "<group>"; };
		CB4440C32227AC65008063E2 /* MatchViewController.swift */ = {isa = PBXFileReference; lastKnownFileType = sourcecode.swift; path = MatchViewController.swift; sourceTree = "<group>"; };
		CB4440C52227B019008063E2 /* UIImageExtension.swift */ = {isa = PBXFileReference; lastKnownFileType = sourcecode.swift; path = UIImageExtension.swift; sourceTree = "<group>"; };
		CB62AA1D21A9240F0094003B /* Usuario.swift */ = {isa = PBXFileReference; lastKnownFileType = sourcecode.swift; path = Usuario.swift; sourceTree = "<group>"; };
		CB9DF5582215399C004F9B20 /* Match.swift */ = {isa = PBXFileReference; lastKnownFileType = sourcecode.swift; path = Match.swift; sourceTree = "<group>"; };
		CB9DF55A22153B24004F9B20 /* WatchDBService.swift */ = {isa = PBXFileReference; lastKnownFileType = sourcecode.swift; path = WatchDBService.swift; sourceTree = "<group>"; };
		CBB8708F21A7A211002D6359 /* LoginViewController.swift */ = {isa = PBXFileReference; lastKnownFileType = sourcecode.swift; path = LoginViewController.swift; sourceTree = "<group>"; };
		CBB8709221A7A7E6002D6359 /* UIViewExtension.swift */ = {isa = PBXFileReference; lastKnownFileType = sourcecode.swift; path = UIViewExtension.swift; sourceTree = "<group>"; };
		CBB8709421A7A889002D6359 /* UIViewControllerExtension.swift */ = {isa = PBXFileReference; lastKnownFileType = sourcecode.swift; path = UIViewControllerExtension.swift; sourceTree = "<group>"; };
		CBB8709621A7AF47002D6359 /* GoogleService-Info.plist */ = {isa = PBXFileReference; fileEncoding = 4; lastKnownFileType = text.plist.xml; path = "GoogleService-Info.plist"; sourceTree = "<group>"; };
		CBB8709921A7B4E8002D6359 /* DatabaseService.swift */ = {isa = PBXFileReference; lastKnownFileType = sourcecode.swift; path = DatabaseService.swift; sourceTree = "<group>"; };
		CBB8709B21A7C6D8002D6359 /* ProfileViewController.swift */ = {isa = PBXFileReference; lastKnownFileType = sourcecode.swift; path = ProfileViewController.swift; sourceTree = "<group>"; };
		CBC87C8E21A64F1200BADC42 /* Tindoggo.app */ = {isa = PBXFileReference; explicitFileType = wrapper.application; includeInIndex = 0; path = Tindoggo.app; sourceTree = BUILT_PRODUCTS_DIR; };
		CBC87C9121A64F1200BADC42 /* AppDelegate.swift */ = {isa = PBXFileReference; lastKnownFileType = sourcecode.swift; path = AppDelegate.swift; sourceTree = "<group>"; };
		CBC87C9621A64F1200BADC42 /* Base */ = {isa = PBXFileReference; lastKnownFileType = file.storyboard; name = Base; path = Base.lproj/Main.storyboard; sourceTree = "<group>"; };
		CBC87C9821A64F1300BADC42 /* Assets.xcassets */ = {isa = PBXFileReference; lastKnownFileType = folder.assetcatalog; path = Assets.xcassets; sourceTree = "<group>"; };
		CBC87C9B21A64F1300BADC42 /* Base */ = {isa = PBXFileReference; lastKnownFileType = file.storyboard; name = Base; path = Base.lproj/LaunchScreen.storyboard; sourceTree = "<group>"; };
		CBC87C9D21A64F1300BADC42 /* Info.plist */ = {isa = PBXFileReference; lastKnownFileType = text.plist.xml; path = Info.plist; sourceTree = "<group>"; };
		CBC87CA421A6587300BADC42 /* HomeViewController.swift */ = {isa = PBXFileReference; lastKnownFileType = sourcecode.swift; path = HomeViewController.swift; sourceTree = "<group>"; };
/* End PBXFileReference section */

/* Begin PBXFrameworksBuildPhase section */
		CBC87C8B21A64F1200BADC42 /* Frameworks */ = {
			isa = PBXFrameworksBuildPhase;
			buildActionMask = 2147483647;
			files = (
				54B71DC1FC865C9776716996 /* Pods_Tindoggo.framework in Frameworks */,
			);
			runOnlyForDeploymentPostprocessing = 0;
		};
/* End PBXFrameworksBuildPhase section */

/* Begin PBXGroup section */
		5EABD11BF2371107881D5758 /* Pods */ = {
			isa = PBXGroup;
			children = (
				8FAB6C7110E68F196E2EF911 /* Pods-Tindoggo.debug.xcconfig */,
				BECACEE347664A0F6A5B625B /* Pods-Tindoggo.release.xcconfig */,
			);
			name = Pods;
			sourceTree = "<group>";
		};
		7A4107582CD3841FD07645FF /* Frameworks */ = {
			isa = PBXGroup;
			children = (
				9F3CF6EC8396592A2FAB6118 /* Pods_Tindoggo.framework */,
			);
			name = Frameworks;
			sourceTree = "<group>";
		};
		CB62AA1C21A924010094003B /* Models */ = {
			isa = PBXGroup;
			children = (
				CB62AA1D21A9240F0094003B /* Usuario.swift */,
				CB9DF5582215399C004F9B20 /* Match.swift */,
			);
			path = Models;
			sourceTree = "<group>";
		};
		CBB8709121A7A7CD002D6359 /* Extensions */ = {
			isa = PBXGroup;
			children = (
				CBB8709221A7A7E6002D6359 /* UIViewExtension.swift */,
				CBB8709421A7A889002D6359 /* UIViewControllerExtension.swift */,
				CB4440C52227B019008063E2 /* UIImageExtension.swift */,
			);
			path = Extensions;
			sourceTree = "<group>";
		};
		CBB8709821A7B4D6002D6359 /* Services */ = {
			isa = PBXGroup;
			children = (
				CBB8709921A7B4E8002D6359 /* DatabaseService.swift */,
				CB9DF55A22153B24004F9B20 /* WatchDBService.swift */,
			);
			path = Services;
			sourceTree = "<group>";
		};
		CBC87C8521A64F1200BADC42 = {
			isa = PBXGroup;
			children = (
				CBC87C9021A64F1200BADC42 /* Tindoggo */,
				CBC87C8F21A64F1200BADC42 /* Products */,
				5EABD11BF2371107881D5758 /* Pods */,
				7A4107582CD3841FD07645FF /* Frameworks */,
			);
			sourceTree = "<group>";
		};
		CBC87C8F21A64F1200BADC42 /* Products */ = {
			isa = PBXGroup;
			children = (
				CBC87C8E21A64F1200BADC42 /* Tindoggo.app */,
			);
			name = Products;
			sourceTree = "<group>";
		};
		CBC87C9021A64F1200BADC42 /* Tindoggo */ = {
			isa = PBXGroup;
			children = (
				CB62AA1C21A924010094003B /* Models */,
				CBB8709821A7B4D6002D6359 /* Services */,
				CBB8709121A7A7CD002D6359 /* Extensions */,
				CBC87CA321A6583E00BADC42 /* Controller */,
				CBC87C9121A64F1200BADC42 /* AppDelegate.swift */,
				CBC87C9521A64F1200BADC42 /* Main.storyboard */,
				CBC87C9821A64F1300BADC42 /* Assets.xcassets */,
				CBC87C9A21A64F1300BADC42 /* LaunchScreen.storyboard */,
				CBC87C9D21A64F1300BADC42 /* Info.plist */,
				CBB8709621A7AF47002D6359 /* GoogleService-Info.plist */,
			);
			path = Tindoggo;
			sourceTree = "<group>";
		};
		CBC87CA321A6583E00BADC42 /* Controller */ = {
			isa = PBXGroup;
			children = (
				CBC87CA421A6587300BADC42 /* HomeViewController.swift */,
				CBB8708F21A7A211002D6359 /* LoginViewController.swift */,
				CBB8709B21A7C6D8002D6359 /* ProfileViewController.swift */,
				CB4440C32227AC65008063E2 /* MatchViewController.swift */,
			);
			path = Controller;
			sourceTree = "<group>";
		};
/* End PBXGroup section */

/* Begin PBXNativeTarget section */
		CBC87C8D21A64F1200BADC42 /* Tindoggo */ = {
			isa = PBXNativeTarget;
			buildConfigurationList = CBC87CA021A64F1300BADC42 /* Build configuration list for PBXNativeTarget "Tindoggo" */;
			buildPhases = (
				8497335A7555E74BED40FA57 /* [CP] Check Pods Manifest.lock */,
				CBC87C8A21A64F1200BADC42 /* Sources */,
				CBC87C8B21A64F1200BADC42 /* Frameworks */,
				CBC87C8C21A64F1200BADC42 /* Resources */,
				39D41AC3F2316E0FC23C1E5F /* [CP] Embed Pods Frameworks */,
			);
			buildRules = (
			);
			dependencies = (
			);
			name = Tindoggo;
			productName = Tindoggo;
			productReference = CBC87C8E21A64F1200BADC42 /* Tindoggo.app */;
			productType = "com.apple.product-type.application";
		};
/* End PBXNativeTarget section */

/* Begin PBXProject section */
		CBC87C8621A64F1200BADC42 /* Project object */ = {
			isa = PBXProject;
			attributes = {
				LastSwiftUpdateCheck = 1010;
				LastUpgradeCheck = 1010;
				ORGANIZATIONNAME = "Juan Pablo Martinez Ruiz";
				TargetAttributes = {
					CBC87C8D21A64F1200BADC42 = {
						CreatedOnToolsVersion = 10.1;
					};
				};
			};
			buildConfigurationList = CBC87C8921A64F1200BADC42 /* Build configuration list for PBXProject "Tindoggo" */;
			compatibilityVersion = "Xcode 9.3";
			developmentRegion = en;
			hasScannedForEncodings = 0;
			knownRegions = (
				en,
				Base,
			);
			mainGroup = CBC87C8521A64F1200BADC42;
			productRefGroup = CBC87C8F21A64F1200BADC42 /* Products */;
			projectDirPath = "";
			projectRoot = "";
			targets = (
				CBC87C8D21A64F1200BADC42 /* Tindoggo */,
			);
		};
/* End PBXProject section */

/* Begin PBXResourcesBuildPhase section */
		CBC87C8C21A64F1200BADC42 /* Resources */ = {
			isa = PBXResourcesBuildPhase;
			buildActionMask = 2147483647;
			files = (
				CBC87C9C21A64F1300BADC42 /* LaunchScreen.storyboard in Resources */,
				CBB8709721A7AF48002D6359 /* GoogleService-Info.plist in Resources */,
				CBC87C9921A64F1300BADC42 /* Assets.xcassets in Resources */,
				CBC87C9721A64F1200BADC42 /* Main.storyboard in Resources */,
			);
			runOnlyForDeploymentPostprocessing = 0;
		};
/* End PBXResourcesBuildPhase section */

/* Begin PBXShellScriptBuildPhase section */
		39D41AC3F2316E0FC23C1E5F /* [CP] Embed Pods Frameworks */ = {
			isa = PBXShellScriptBuildPhase;
			buildActionMask = 2147483647;
			files = (
			);
			inputFileListPaths = (
			);
			inputPaths = (
				"${SRCROOT}/Pods/Target Support Files/Pods-Tindoggo/Pods-Tindoggo-frameworks.sh",
				"${BUILT_PRODUCTS_DIR}/GTMSessionFetcher/GTMSessionFetcher.framework",
				"${BUILT_PRODUCTS_DIR}/GoogleUtilities/GoogleUtilities.framework",
				"${BUILT_PRODUCTS_DIR}/RevealingSplashView/RevealingSplashView.framework",
				"${BUILT_PRODUCTS_DIR}/SDWebImage/SDWebImage.framework",
				"${BUILT_PRODUCTS_DIR}/leveldb-library/leveldb.framework",
				"${BUILT_PRODUCTS_DIR}/nanopb/nanopb.framework",
			);
			name = "[CP] Embed Pods Frameworks";
			outputFileListPaths = (
			);
			outputPaths = (
				"${TARGET_BUILD_DIR}/${FRAMEWORKS_FOLDER_PATH}/GTMSessionFetcher.framework",
				"${TARGET_BUILD_DIR}/${FRAMEWORKS_FOLDER_PATH}/GoogleUtilities.framework",
				"${TARGET_BUILD_DIR}/${FRAMEWORKS_FOLDER_PATH}/RevealingSplashView.framework",
				"${TARGET_BUILD_DIR}/${FRAMEWORKS_FOLDER_PATH}/SDWebImage.framework",
				"${TARGET_BUILD_DIR}/${FRAMEWORKS_FOLDER_PATH}/leveldb.framework",
				"${TARGET_BUILD_DIR}/${FRAMEWORKS_FOLDER_PATH}/nanopb.framework",
			);
			runOnlyForDeploymentPostprocessing = 0;
			shellPath = /bin/sh;
			shellScript = "\"${SRCROOT}/Pods/Target Support Files/Pods-Tindoggo/Pods-Tindoggo-frameworks.sh\"\n";
			showEnvVarsInLog = 0;
		};
		8497335A7555E74BED40FA57 /* [CP] Check Pods Manifest.lock */ = {
			isa = PBXShellScriptBuildPhase;
			buildActionMask = 2147483647;
			files = (
			);
			inputFileListPaths = (
			);
			inputPaths = (
				"${PODS_PODFILE_DIR_PATH}/Podfile.lock",
				"${PODS_ROOT}/Manifest.lock",
			);
			name = "[CP] Check Pods Manifest.lock";
			outputFileListPaths = (
			);
			outputPaths = (
				"$(DERIVED_FILE_DIR)/Pods-Tindoggo-checkManifestLockResult.txt",
			);
			runOnlyForDeploymentPostprocessing = 0;
			shellPath = /bin/sh;
			shellScript = "diff \"${PODS_PODFILE_DIR_PATH}/Podfile.lock\" \"${PODS_ROOT}/Manifest.lock\" > /dev/null\nif [ $? != 0 ] ; then\n    # print error to STDERR\n    echo \"error: The sandbox is not in sync with the Podfile.lock. Run 'pod install' or update your CocoaPods installation.\" >&2\n    exit 1\nfi\n# This output is used by Xcode 'outputs' to avoid re-running this script phase.\necho \"SUCCESS\" > \"${SCRIPT_OUTPUT_FILE_0}\"\n";
			showEnvVarsInLog = 0;
		};
/* End PBXShellScriptBuildPhase section */

/* Begin PBXSourcesBuildPhase section */
		CBC87C8A21A64F1200BADC42 /* Sources */ = {
			isa = PBXSourcesBuildPhase;
			buildActionMask = 2147483647;
			files = (
				CB62AA1E21A9240F0094003B /* Usuario.swift in Sources */,
				CBB8709A21A7B4E8002D6359 /* DatabaseService.swift in Sources */,
				CB9DF5592215399C004F9B20 /* Match.swift in Sources */,
				CB9DF55B22153B24004F9B20 /* WatchDBService.swift in Sources */,
				CBB8709021A7A211002D6359 /* LoginViewController.swift in Sources */,
				CBC87C9221A64F1200BADC42 /* AppDelegate.swift in Sources */,
				CBB8709521A7A889002D6359 /* UIViewControllerExtension.swift in Sources */,
				CB4440C42227AC65008063E2 /* MatchViewController.swift in Sources */,
				CBB8709C21A7C6D8002D6359 /* ProfileViewController.swift in Sources */,
				CBB8709321A7A7E6002D6359 /* UIViewExtension.swift in Sources */,
				CBC87CA521A6587300BADC42 /* HomeViewController.swift in Sources */,
				CB4440C62227B019008063E2 /* UIImageExtension.swift in Sources */,
			);
			runOnlyForDeploymentPostprocessing = 0;
		};
/* End PBXSourcesBuildPhase section */

/* Begin PBXVariantGroup section */
		CBC87C9521A64F1200BADC42 /* Main.storyboard */ = {
			isa = PBXVariantGroup;
			children = (
				CBC87C9621A64F1200BADC42 /* Base */,
			);
			name = Main.storyboard;
			sourceTree = "<group>";
		};
		CBC87C9A21A64F1300BADC42 /* LaunchScreen.storyboard */ = {
			isa = PBXVariantGroup;
			children = (
				CBC87C9B21A64F1300BADC42 /* Base */,
			);
			name = LaunchScreen.storyboard;
			sourceTree = "<group>";
		};
/* End PBXVariantGroup section */

/* Begin XCBuildConfiguration section */
		CBC87C9E21A64F1300BADC42 /* Debug */ = {
			isa = XCBuildConfiguration;
			buildSettings = {
				ALWAYS_SEARCH_USER_PATHS = NO;
				CLANG_ANALYZER_NONNULL = YES;
				CLANG_ANALYZER_NUMBER_OBJECT_CONVERSION = YES_AGGRESSIVE;
				CLANG_CXX_LANGUAGE_STANDARD = "gnu++14";
				CLANG_CXX_LIBRARY = "libc++";
				CLANG_ENABLE_MODULES = YES;
				CLANG_ENABLE_OBJC_ARC = YES;
				CLANG_ENABLE_OBJC_WEAK = YES;
				CLANG_WARN_BLOCK_CAPTURE_AUTORELEASING = YES;
				CLANG_WARN_BOOL_CONVERSION = YES;
				CLANG_WARN_COMMA = YES;
				CLANG_WARN_CONSTANT_CONVERSION = YES;
				CLANG_WARN_DEPRECATED_OBJC_IMPLEMENTATIONS = YES;
				CLANG_WARN_DIRECT_OBJC_ISA_USAGE = YES_ERROR;
				CLANG_WARN_DOCUMENTATION_COMMENTS = YES;
				CLANG_WARN_EMPTY_BODY = YES;
				CLANG_WARN_ENUM_CONVERSION = YES;
				CLANG_WARN_INFINITE_RECURSION = YES;
				CLANG_WARN_INT_CONVERSION = YES;
				CLANG_WARN_NON_LITERAL_NULL_CONVERSION = YES;
				CLANG_WARN_OBJC_IMPLICIT_RETAIN_SELF = YES;
				CLANG_WARN_OBJC_LITERAL_CONVERSION = YES;
				CLANG_WARN_OBJC_ROOT_CLASS = YES_ERROR;
				CLANG_WARN_RANGE_LOOP_ANALYSIS = YES;
				CLANG_WARN_STRICT_PROTOTYPES = YES;
				CLANG_WARN_SUSPICIOUS_MOVE = YES;
				CLANG_WARN_UNGUARDED_AVAILABILITY = YES_AGGRESSIVE;
				CLANG_WARN_UNREACHABLE_CODE = YES;
				CLANG_WARN__DUPLICATE_METHOD_MATCH = YES;
				CODE_SIGN_IDENTITY = "iPhone Developer";
				COPY_PHASE_STRIP = NO;
				DEBUG_INFORMATION_FORMAT = dwarf;
				ENABLE_STRICT_OBJC_MSGSEND = YES;
				ENABLE_TESTABILITY = YES;
				GCC_C_LANGUAGE_STANDARD = gnu11;
				GCC_DYNAMIC_NO_PIC = NO;
				GCC_NO_COMMON_BLOCKS = YES;
				GCC_OPTIMIZATION_LEVEL = 0;
				GCC_PREPROCESSOR_DEFINITIONS = (
					"DEBUG=1",
					"$(inherited)",
				);
				GCC_WARN_64_TO_32_BIT_CONVERSION = YES;
				GCC_WARN_ABOUT_RETURN_TYPE = YES_ERROR;
				GCC_WARN_UNDECLARED_SELECTOR = YES;
				GCC_WARN_UNINITIALIZED_AUTOS = YES_AGGRESSIVE;
				GCC_WARN_UNUSED_FUNCTION = YES;
				GCC_WARN_UNUSED_VARIABLE = YES;
				IPHONEOS_DEPLOYMENT_TARGET = 12.1;
				MTL_ENABLE_DEBUG_INFO = INCLUDE_SOURCE;
				MTL_FAST_MATH = YES;
				ONLY_ACTIVE_ARCH = YES;
				SDKROOT = iphoneos;
				SWIFT_ACTIVE_COMPILATION_CONDITIONS = DEBUG;
				SWIFT_OPTIMIZATION_LEVEL = "-Onone";
			};
			name = Debug;
		};
		CBC87C9F21A64F1300BADC42 /* Release */ = {
			isa = XCBuildConfiguration;
			buildSettings = {
				ALWAYS_SEARCH_USER_PATHS = NO;
				CLANG_ANALYZER_NONNULL = YES;
				CLANG_ANALYZER_NUMBER_OBJECT_CONVERSION = YES_AGGRESSIVE;
				CLANG_CXX_LANGUAGE_STANDARD = "gnu++14";
				CLANG_CXX_LIBRARY = "libc++";
				CLANG_ENABLE_MODULES = YES;
				CLANG_ENABLE_OBJC_ARC = YES;
				CLANG_ENABLE_OBJC_WEAK = YES;
				CLANG_WARN_BLOCK_CAPTURE_AUTORELEASING = YES;
				CLANG_WARN_BOOL_CONVERSION = YES;
				CLANG_WARN_COMMA = YES;
				CLANG_WARN_CONSTANT_CONVERSION = YES;
				CLANG_WARN_DEPRECATED_OBJC_IMPLEMENTATIONS = YES;
				CLANG_WARN_DIRECT_OBJC_ISA_USAGE = YES_ERROR;
				CLANG_WARN_DOCUMENTATION_COMMENTS = YES;
				CLANG_WARN_EMPTY_BODY = YES;
				CLANG_WARN_ENUM_CONVERSION = YES;
				CLANG_WARN_INFINITE_RECURSION = YES;
				CLANG_WARN_INT_CONVERSION = YES;
				CLANG_WARN_NON_LITERAL_NULL_CONVERSION = YES;
				CLANG_WARN_OBJC_IMPLICIT_RETAIN_SELF = YES;
				CLANG_WARN_OBJC_LITERAL_CONVERSION = YES;
				CLANG_WARN_OBJC_ROOT_CLASS = YES_ERROR;
				CLANG_WARN_RANGE_LOOP_ANALYSIS = YES;
				CLANG_WARN_STRICT_PROTOTYPES = YES;
				CLANG_WARN_SUSPICIOUS_MOVE = YES;
				CLANG_WARN_UNGUARDED_AVAILABILITY = YES_AGGRESSIVE;
				CLANG_WARN_UNREACHABLE_CODE = YES;
				CLANG_WARN__DUPLICATE_METHOD_MATCH = YES;
				CODE_SIGN_IDENTITY = "iPhone Developer";
				COPY_PHASE_STRIP = NO;
				DEBUG_INFORMATION_FORMAT = "dwarf-with-dsym";
				ENABLE_NS_ASSERTIONS = NO;
				ENABLE_STRICT_OBJC_MSGSEND = YES;
				GCC_C_LANGUAGE_STANDARD = gnu11;
				GCC_NO_COMMON_BLOCKS = YES;
				GCC_WARN_64_TO_32_BIT_CONVERSION = YES;
				GCC_WARN_ABOUT_RETURN_TYPE = YES_ERROR;
				GCC_WARN_UNDECLARED_SELECTOR = YES;
				GCC_WARN_UNINITIALIZED_AUTOS = YES_AGGRESSIVE;
				GCC_WARN_UNUSED_FUNCTION = YES;
				GCC_WARN_UNUSED_VARIABLE = YES;
				IPHONEOS_DEPLOYMENT_TARGET = 12.1;
				MTL_ENABLE_DEBUG_INFO = NO;
				MTL_FAST_MATH = YES;
				SDKROOT = iphoneos;
				SWIFT_COMPILATION_MODE = wholemodule;
				SWIFT_OPTIMIZATION_LEVEL = "-O";
				VALIDATE_PRODUCT = YES;
			};
			name = Release;
		};
		CBC87CA121A64F1300BADC42 /* Debug */ = {
			isa = XCBuildConfiguration;
			baseConfigurationReference = 8FAB6C7110E68F196E2EF911 /* Pods-Tindoggo.debug.xcconfig */;
			buildSettings = {
				ASSETCATALOG_COMPILER_APPICON_NAME = AppIcon;
				CODE_SIGN_STYLE = Automatic;
				DEVELOPMENT_TEAM = 23472C7JBS;
				INFOPLIST_FILE = Tindoggo/Info.plist;
				IPHONEOS_DEPLOYMENT_TARGET = 10.0;
				LD_RUNPATH_SEARCH_PATHS = (
					"$(inherited)",
					"@executable_path/Frameworks",
				);
				PRODUCT_BUNDLE_IDENTIFIER = com.pankecho.Tindoggo;
				PRODUCT_NAME = "$(TARGET_NAME)";
				SWIFT_VERSION = 4.2;
				TARGETED_DEVICE_FAMILY = 1;
			};
			name = Debug;
		};
		CBC87CA221A64F1300BADC42 /* Release */ = {
			isa = XCBuildConfiguration;
			baseConfigurationReference = BECACEE347664A0F6A5B625B /* Pods-Tindoggo.release.xcconfig */;
			buildSettings = {
				ASSETCATALOG_COMPILER_APPICON_NAME = AppIcon;
				CODE_SIGN_STYLE = Automatic;
				DEVELOPMENT_TEAM = 23472C7JBS;
				INFOPLIST_FILE = Tindoggo/Info.plist;
				IPHONEOS_DEPLOYMENT_TARGET = 10.0;
				LD_RUNPATH_SEARCH_PATHS = (
					"$(inherited)",
					"@executable_path/Frameworks",
				);
				PRODUCT_BUNDLE_IDENTIFIER = com.pankecho.Tindoggo;
				PRODUCT_NAME = "$(TARGET_NAME)";
				SWIFT_VERSION = 4.2;
				TARGETED_DEVICE_FAMILY = 1;
			};
			name = Release;
		};
/* End XCBuildConfiguration section */

/* Begin XCConfigurationList section */
		CBC87C8921A64F1200BADC42 /* Build configuration list for PBXProject "Tindoggo" */ = {
			isa = XCConfigurationList;
			buildConfigurations = (
				CBC87C9E21A64F1300BADC42 /* Debug */,
				CBC87C9F21A64F1300BADC42 /* Release */,
			);
			defaultConfigurationIsVisible = 0;
			defaultConfigurationName = Release;
		};
		CBC87CA021A64F1300BADC42 /* Build configuration list for PBXNativeTarget "Tindoggo" */ = {
			isa = XCConfigurationList;
			buildConfigurations = (
				CBC87CA121A64F1300BADC42 /* Debug */,
				CBC87CA221A64F1300BADC42 /* Release */,
			);
			defaultConfigurationIsVisible = 0;
			defaultConfigurationName = Release;
		};
/* End XCConfigurationList section */
	};
	rootObject = CBC87C8621A64F1200BADC42 /* Project object */;
}
